
Microsoft Visual Studio Solution File, Format Version 12.00
# Visual Studio Version 16
VisualStudioVersion = 16.0.31410.357
MinimumVisualStudioVersion = 10.0.40219.1
Project("{FAE04EC0-301F-11D3-BF4B-00C04F79EFBC}") = "ProductTesting", "ProductTesting\ProductTesting.csproj", "{B97ED2E9-C815-4185-82E4-DB19EF157572}"
EndProject
Global
	GlobalSection(SolutionConfigurationPlatforms) = preSolution
		Debug|Any CPU = Debug|Any CPU
		Release|Any CPU = Release|Any CPU
	EndGlobalSection
	GlobalSection(ProjectConfigurationPlatforms) = postSolution
		{B97ED2E9-C815-4185-82E4-DB19EF157572}.Debug|Any CPU.ActiveCfg = Debug|Any CPU
		{B97ED2E9-C815-4185-82E4-DB19EF157572}.Debug|Any CPU.Build.0 = Debug|Any CPU
		{B97ED2E9-C815-4185-82E4-DB19EF157572}.Release|Any CPU.ActiveCfg = Release|Any CPU
		{B97ED2E9-C815-4185-82E4-DB19EF157572}.Release|Any CPU.Build.0 = Release|Any CPU
	EndGlobalSection
	GlobalSection(SolutionProperties) = preSolution
		HideSolutionNode = FALSE
	EndGlobalSection
	GlobalSection(ExtensibilityGlobals) = postSolution
		SolutionGuid = {1180E9D0-D16C-434F-9F92-1DC344D62868}
	EndGlobalSection
EndGlobal
